
Microsoft Visual Studio Solution File, Format Version 12.00
# Visual Studio Version 17
VisualStudioVersion = 17.10.35013.160
MinimumVisualStudioVersion = 10.0.40219.1
Project("{FAE04EC0-301F-11D3-BF4B-00C04F79EFBC}") = "dentistry.abramsDentalOffice.webApp", "dentistry.abramsDentalOffice.webApp\dentistry.abramsDentalOffice.webApp.csproj", "{6355F816-645C-4038-A184-F5E0A0C35CC6}"
EndProject
Global
	GlobalSection(SolutionConfigurationPlatforms) = preSolution
		Debug|Any CPU = Debug|Any CPU
		Release|Any CPU = Release|Any CPU
	EndGlobalSection
	GlobalSection(ProjectConfigurationPlatforms) = postSolution
		{6355F816-645C-4038-A184-F5E0A0C35CC6}.Debug|Any CPU.ActiveCfg = Debug|Any CPU
		{6355F816-645C-4038-A184-F5E0A0C35CC6}.Debug|Any CPU.Build.0 = Debug|Any CPU
		{6355F816-645C-4038-A184-F5E0A0C35CC6}.Release|Any CPU.ActiveCfg = Release|Any CPU
		{6355F816-645C-4038-A184-F5E0A0C35CC6}.Release|Any CPU.Build.0 = Release|Any CPU
	EndGlobalSection
	GlobalSection(SolutionProperties) = preSolution
		HideSolutionNode = FALSE
	EndGlobalSection
	GlobalSection(ExtensibilityGlobals) = postSolution
		SolutionGuid = {390B71CB-271E-47EF-9E0A-F8C48739CCE8}
	EndGlobalSection
EndGlobal
